Microsoft Visual Studio Solution File, Format Version 12.00
# Visual Studio Version 17
VisualStudioVersion = 17.5.2.0
MinimumVisualStudioVersion = 10.0.40219.1
Project("{2150E333-8FDC-42A3-9474-1A3956D46DE8}") = "ReportMakerLegacy", "ReportMakerLegacy", "{5B88C83B-3D1F-BE68-BC13-ABB4262210C2}"
EndProject
Project("{FAE04EC0-301F-11D3-BF4B-00C04F79EFBC}") = "ReportMaker", "ReportMakerLegacy\ReportMaker.csproj", "{8EB4E193-B8A8-5F2B-6E1C-8BAA0576FC9C}"
EndProject
Global
	GlobalSection(SolutionConfigurationPlatforms) = preSolution
		Debug|Any CPU = Debug|Any CPU
		Release|Any CPU = Release|Any CPU
	EndGlobalSection
	GlobalSection(ProjectConfigurationPlatforms) = postSolution
		{8EB4E193-B8A8-5F2B-6E1C-8BAA0576FC9C}.Debug|Any CPU.ActiveCfg = Debug|Any CPU
		{8EB4E193-B8A8-5F2B-6E1C-8BAA0576FC9C}.Debug|Any CPU.Build.0 = Debug|Any CPU
		{8EB4E193-B8A8-5F2B-6E1C-8BAA0576FC9C}.Release|Any CPU.ActiveCfg = Release|Any CPU
		{8EB4E193-B8A8-5F2B-6E1C-8BAA0576FC9C}.Release|Any CPU.Build.0 = Release|Any CPU
	EndGlobalSection
	GlobalSection(SolutionProperties) = preSolution
		HideSolutionNode = FALSE
	EndGlobalSection
	GlobalSection(NestedProjects) = preSolution
		{8EB4E193-B8A8-5F2B-6E1C-8BAA0576FC9C} = {5B88C83B-3D1F-BE68-BC13-ABB4262210C2}
	EndGlobalSection
	GlobalSection(ExtensibilityGlobals) = postSolution
		SolutionGuid = {BD7CA07D-9F23-479F-9EEF-A53E229DBF27}
	EndGlobalSection
EndGlobal
